
Microsoft Visual Studio Solution File, Format Version 12.00
# Visual Studio Version 16
VisualStudioVersion = 16.0.32901.82
MinimumVisualStudioVersion = 10.0.40219.1
Project("{6989167D-11E4-40FE-8C1A-2192A86A7E90}") = "Console0917.1", "Console0917.1.vfproj", "{A330F09F-9E5F-4D49-BB95-549CBA34D269}"
EndProject
Global
	GlobalSection(SolutionConfigurationPlatforms) = preSolution
		Debug|x64 = Debug|x64
		Debug|x86 = Debug|x86
		Release|x64 = Release|x64
		Release|x86 = Release|x86
	EndGlobalSection
	GlobalSection(ProjectConfigurationPlatforms) = postSolution
		{A330F09F-9E5F-4D49-BB95-549CBA34D269}.Debug|x64.ActiveCfg = Debug|x64
		{A330F09F-9E5F-4D49-BB95-549CBA34D269}.Debug|x64.Build.0 = Debug|x64
		{A330F09F-9E5F-4D49-BB95-549CBA34D269}.Debug|x86.ActiveCfg = Debug|Win32
		{A330F09F-9E5F-4D49-BB95-549CBA34D269}.Debug|x86.Build.0 = Debug|Win32
		{A330F09F-9E5F-4D49-BB95-549CBA34D269}.Release|x64.ActiveCfg = Release|x64
		{A330F09F-9E5F-4D49-BB95-549CBA34D269}.Release|x64.Build.0 = Release|x64
		{A330F09F-9E5F-4D49-BB95-549CBA34D269}.Release|x86.ActiveCfg = Release|Win32
		{A330F09F-9E5F-4D49-BB95-549CBA34D269}.Release|x86.Build.0 = Release|Win32
	EndGlobalSection
	GlobalSection(SolutionProperties) = preSolution
		HideSolutionNode = FALSE
	EndGlobalSection
	GlobalSection(ExtensibilityGlobals) = postSolution
		SolutionGuid = {9FE80585-308F-4C70-94F3-29C4099F92F5}
	EndGlobalSection
EndGlobal
